
Microsoft Visual Studio Solution File, Format Version 12.00
Project("{FAE04EC0-301F-11D3-BF4B-00C04F79EFBC}") = "Chores.Bff", "Chores.Bff.csproj", "{22115AC7-4323-429F-A13D-91C33D59A603}"
EndProject
Global
	GlobalSection(SolutionConfigurationPlatforms) = preSolution
		Debug|Any CPU = Debug|Any CPU
		Release|Any CPU = Release|Any CPU
	EndGlobalSection
	GlobalSection(ProjectConfigurationPlatforms) = postSolution
		{22115AC7-4323-429F-A13D-91C33D59A603}.Debug|Any CPU.ActiveCfg = Debug|Any CPU
		{22115AC7-4323-429F-A13D-91C33D59A603}.Debug|Any CPU.Build.0 = Debug|Any CPU
		{22115AC7-4323-429F-A13D-91C33D59A603}.Release|Any CPU.ActiveCfg = Release|Any CPU
		{22115AC7-4323-429F-A13D-91C33D59A603}.Release|Any CPU.Build.0 = Release|Any CPU
	EndGlobalSection
EndGlobal
