
Microsoft Visual Studio Solution File, Format Version 12.00
Project("{2150E333-8FDC-42A3-9474-1A3956D46DE8}") = "src", "src", "{721C6913-BB18-47F5-BA3B-A9D39FF848EB}"
EndProject
Project("{2150E333-8FDC-42A3-9474-1A3956D46DE8}") = "tests", "tests", "{F1E5A6CF-C3C9-49A8-BD8B-82D2FB9F2F46}"
EndProject
Project("{2150E333-8FDC-42A3-9474-1A3956D46DE8}") = "4. Presentation", "4. Presentation", "{6D27E8E6-BC5A-4F0B-91D6-135F2D80212A}"
EndProject
Project("{FAE04EC0-301F-11D3-BF4B-00C04F79EFBC}") = "Api", "src\4-presentation\Api\Api.csproj", "{E6489918-1E25-4032-ACD4-2105A91BFC99}"
EndProject
Project("{2150E333-8FDC-42A3-9474-1A3956D46DE8}") = "2. Application", "2. Application", "{75B55B20-E112-49C6-85B5-860A92F19D56}"
EndProject
Project("{FAE04EC0-301F-11D3-BF4B-00C04F79EFBC}") = "Application", "src\2-application\Application\Application.csproj", "{598B1EE6-C5BA-4E44-92E9-A0105802BB41}"
EndProject
Project("{2150E333-8FDC-42A3-9474-1A3956D46DE8}") = "1. Core", "1. Core", "{0BDEF409-CE84-4638-A620-291594B18173}"
EndProject
Project("{FAE04EC0-301F-11D3-BF4B-00C04F79EFBC}") = "Domain", "src\1-core\Domain\Domain.csproj", "{43F0944D-CF2B-4920-B917-AD992A7AFEC5}"
EndProject
Project("{2150E333-8FDC-42A3-9474-1A3956D46DE8}") = "3. Infrastructure", "3. Infrastructure", "{5489265B-001B-4E18-9EBC-A80F5C1F3937}"
EndProject
Project("{FAE04EC0-301F-11D3-BF4B-00C04F79EFBC}") = "Infrastructure", "src\3-infrastructure\Infrastructure\Infrastructure.csproj", "{E606F538-971F-467B-9AB1-8523F64408AE}"
EndProject
Project("{FAE04EC0-301F-11D3-BF4B-00C04F79EFBC}") = "Persistence", "src\3-infrastructure\Persistence\Persistence.csproj", "{31E1C33A-5946-4A0E-A6EE-86BB9C1275CB}"
EndProject
Project("{FAE04EC0-301F-11D3-BF4B-00C04F79EFBC}") = "Base", "src\1-core\Base\Base.csproj", "{6F2E6918-468C-4658-BBED-FAD1A5D2B4FC}"
EndProject
Global
	GlobalSection(SolutionConfigurationPlatforms) = preSolution
		Debug|Any CPU = Debug|Any CPU
		Release|Any CPU = Release|Any CPU
	EndGlobalSection
	GlobalSection(NestedProjects) = preSolution
		{6D27E8E6-BC5A-4F0B-91D6-135F2D80212A} = {721C6913-BB18-47F5-BA3B-A9D39FF848EB}
		{E6489918-1E25-4032-ACD4-2105A91BFC99} = {6D27E8E6-BC5A-4F0B-91D6-135F2D80212A}
		{75B55B20-E112-49C6-85B5-860A92F19D56} = {721C6913-BB18-47F5-BA3B-A9D39FF848EB}
		{598B1EE6-C5BA-4E44-92E9-A0105802BB41} = {75B55B20-E112-49C6-85B5-860A92F19D56}
		{0BDEF409-CE84-4638-A620-291594B18173} = {721C6913-BB18-47F5-BA3B-A9D39FF848EB}
		{43F0944D-CF2B-4920-B917-AD992A7AFEC5} = {0BDEF409-CE84-4638-A620-291594B18173}
		{5489265B-001B-4E18-9EBC-A80F5C1F3937} = {721C6913-BB18-47F5-BA3B-A9D39FF848EB}
		{E606F538-971F-467B-9AB1-8523F64408AE} = {5489265B-001B-4E18-9EBC-A80F5C1F3937}
		{31E1C33A-5946-4A0E-A6EE-86BB9C1275CB} = {5489265B-001B-4E18-9EBC-A80F5C1F3937}
		{6F2E6918-468C-4658-BBED-FAD1A5D2B4FC} = {0BDEF409-CE84-4638-A620-291594B18173}
	EndGlobalSection
	GlobalSection(ProjectConfigurationPlatforms) = postSolution
		{E6489918-1E25-4032-ACD4-2105A91BFC99}.Debug|Any CPU.ActiveCfg = Debug|Any CPU
		{E6489918-1E25-4032-ACD4-2105A91BFC99}.Debug|Any CPU.Build.0 = Debug|Any CPU
		{E6489918-1E25-4032-ACD4-2105A91BFC99}.Release|Any CPU.ActiveCfg = Release|Any CPU
		{E6489918-1E25-4032-ACD4-2105A91BFC99}.Release|Any CPU.Build.0 = Release|Any CPU
		{598B1EE6-C5BA-4E44-92E9-A0105802BB41}.Debug|Any CPU.ActiveCfg = Debug|Any CPU
		{598B1EE6-C5BA-4E44-92E9-A0105802BB41}.Debug|Any CPU.Build.0 = Debug|Any CPU
		{598B1EE6-C5BA-4E44-92E9-A0105802BB41}.Release|Any CPU.ActiveCfg = Release|Any CPU
		{598B1EE6-C5BA-4E44-92E9-A0105802BB41}.Release|Any CPU.Build.0 = Release|Any CPU
		{43F0944D-CF2B-4920-B917-AD992A7AFEC5}.Debug|Any CPU.ActiveCfg = Debug|Any CPU
		{43F0944D-CF2B-4920-B917-AD992A7AFEC5}.Debug|Any CPU.Build.0 = Debug|Any CPU
		{43F0944D-CF2B-4920-B917-AD992A7AFEC5}.Release|Any CPU.ActiveCfg = Release|Any CPU
		{43F0944D-CF2B-4920-B917-AD992A7AFEC5}.Release|Any CPU.Build.0 = Release|Any CPU
		{E606F538-971F-467B-9AB1-8523F64408AE}.Debug|Any CPU.ActiveCfg = Debug|Any CPU
		{E606F538-971F-467B-9AB1-8523F64408AE}.Debug|Any CPU.Build.0 = Debug|Any CPU
		{E606F538-971F-467B-9AB1-8523F64408AE}.Release|Any CPU.ActiveCfg = Release|Any CPU
		{E606F538-971F-467B-9AB1-8523F64408AE}.Release|Any CPU.Build.0 = Release|Any CPU
		{31E1C33A-5946-4A0E-A6EE-86BB9C1275CB}.Debug|Any CPU.ActiveCfg = Debug|Any CPU
		{31E1C33A-5946-4A0E-A6EE-86BB9C1275CB}.Debug|Any CPU.Build.0 = Debug|Any CPU
		{31E1C33A-5946-4A0E-A6EE-86BB9C1275CB}.Release|Any CPU.ActiveCfg = Release|Any CPU
		{31E1C33A-5946-4A0E-A6EE-86BB9C1275CB}.Release|Any CPU.Build.0 = Release|Any CPU
		{6F2E6918-468C-4658-BBED-FAD1A5D2B4FC}.Debug|Any CPU.ActiveCfg = Debug|Any CPU
		{6F2E6918-468C-4658-BBED-FAD1A5D2B4FC}.Debug|Any CPU.Build.0 = Debug|Any CPU
		{6F2E6918-468C-4658-BBED-FAD1A5D2B4FC}.Release|Any CPU.ActiveCfg = Release|Any CPU
		{6F2E6918-468C-4658-BBED-FAD1A5D2B4FC}.Release|Any CPU.Build.0 = Release|Any CPU
	EndGlobalSection
EndGlobal
