
Microsoft Visual Studio Solution File, Format Version 12.00
Project("{2150E333-8FDC-42A3-9474-1A3956D46DE8}") = "src", "src", "{9F32F8D8-0DD9-4969-9371-BA0437F2486D}"
EndProject
Project("{2150E333-8FDC-42A3-9474-1A3956D46DE8}") = "tests", "tests", "{A1A0B8AA-CD6C-49F3-B074-576782E152E3}"
EndProject
Project("{2150E333-8FDC-42A3-9474-1A3956D46DE8}") = "3. Presentation", "3. Presentation", "{5FADC949-9564-4F71-B62A-76BDB06A1CC1}"
EndProject
Project("{2150E333-8FDC-42A3-9474-1A3956D46DE8}") = "1. Core", "1. Core", "{9B455734-AA8E-4892-AB77-53C737E953DF}"
EndProject
Project("{2150E333-8FDC-42A3-9474-1A3956D46DE8}") = "2. Infrastructure", "2. Infrastructure", "{E5682835-64B5-401C-B159-880D23DCD84F}"
EndProject
Project("{FAE04EC0-301F-11D3-BF4B-00C04F79EFBC}") = "Api", "src\3-presentation\Api\Api.csproj", "{6177ED84-94A3-4D69-B7B2-3AE9E612B090}"
EndProject
Project("{FAE04EC0-301F-11D3-BF4B-00C04F79EFBC}") = "Application", "src\1-core\Application\Application.csproj", "{061E8E58-B2CA-4462-9208-CDE7B4442D70}"
EndProject
Project("{FAE04EC0-301F-11D3-BF4B-00C04F79EFBC}") = "Domain", "src\1-core\Domain\Domain.csproj", "{19673FAE-1624-42B7-9F4F-7CE58212EE12}"
EndProject
Project("{FAE04EC0-301F-11D3-BF4B-00C04F79EFBC}") = "Infrastructure", "src\2-infrastructure\Infrastructure\Infrastructure.csproj", "{1BBAEE34-4E74-4362-A1DC-E60EEB8AB067}"
EndProject
Project("{FAE04EC0-301F-11D3-BF4B-00C04F79EFBC}") = "Persistence", "src\2-infrastructure\Persistence\Persistence.csproj", "{8EE358D3-EE1E-4B7A-829F-596A46CBFDE0}"
EndProject
Project("{2150E333-8FDC-42A3-9474-1A3956D46DE8}") = "1. Core", "1. Core", "{D3CCE632-4816-4518-B0F0-20ED3897C7D7}"
EndProject
Project("{FAE04EC0-301F-11D3-BF4B-00C04F79EFBC}") = "Application.IntegrationTests", "tests\1-core\Application.IntegrationTests\Application.IntegrationTests.csproj", "{2D769786-6E78-4AA2-8168-7ABE139118C4}"
EndProject
Global
	GlobalSection(SolutionConfigurationPlatforms) = preSolution
		Debug|Any CPU = Debug|Any CPU
		Release|Any CPU = Release|Any CPU
	EndGlobalSection
	GlobalSection(NestedProjects) = preSolution
		{5FADC949-9564-4F71-B62A-76BDB06A1CC1} = {9F32F8D8-0DD9-4969-9371-BA0437F2486D}
		{9B455734-AA8E-4892-AB77-53C737E953DF} = {9F32F8D8-0DD9-4969-9371-BA0437F2486D}
		{E5682835-64B5-401C-B159-880D23DCD84F} = {9F32F8D8-0DD9-4969-9371-BA0437F2486D}
		{6177ED84-94A3-4D69-B7B2-3AE9E612B090} = {5FADC949-9564-4F71-B62A-76BDB06A1CC1}
		{061E8E58-B2CA-4462-9208-CDE7B4442D70} = {9B455734-AA8E-4892-AB77-53C737E953DF}
		{19673FAE-1624-42B7-9F4F-7CE58212EE12} = {9B455734-AA8E-4892-AB77-53C737E953DF}
		{1BBAEE34-4E74-4362-A1DC-E60EEB8AB067} = {E5682835-64B5-401C-B159-880D23DCD84F}
		{8EE358D3-EE1E-4B7A-829F-596A46CBFDE0} = {E5682835-64B5-401C-B159-880D23DCD84F}
		{D3CCE632-4816-4518-B0F0-20ED3897C7D7} = {A1A0B8AA-CD6C-49F3-B074-576782E152E3}
		{2D769786-6E78-4AA2-8168-7ABE139118C4} = {D3CCE632-4816-4518-B0F0-20ED3897C7D7}
	EndGlobalSection
	GlobalSection(ProjectConfigurationPlatforms) = postSolution
		{6177ED84-94A3-4D69-B7B2-3AE9E612B090}.Debug|Any CPU.ActiveCfg = Debug|Any CPU
		{6177ED84-94A3-4D69-B7B2-3AE9E612B090}.Debug|Any CPU.Build.0 = Debug|Any CPU
		{6177ED84-94A3-4D69-B7B2-3AE9E612B090}.Release|Any CPU.ActiveCfg = Release|Any CPU
		{6177ED84-94A3-4D69-B7B2-3AE9E612B090}.Release|Any CPU.Build.0 = Release|Any CPU
		{061E8E58-B2CA-4462-9208-CDE7B4442D70}.Debug|Any CPU.ActiveCfg = Debug|Any CPU
		{061E8E58-B2CA-4462-9208-CDE7B4442D70}.Debug|Any CPU.Build.0 = Debug|Any CPU
		{061E8E58-B2CA-4462-9208-CDE7B4442D70}.Release|Any CPU.ActiveCfg = Release|Any CPU
		{061E8E58-B2CA-4462-9208-CDE7B4442D70}.Release|Any CPU.Build.0 = Release|Any CPU
		{19673FAE-1624-42B7-9F4F-7CE58212EE12}.Debug|Any CPU.ActiveCfg = Debug|Any CPU
		{19673FAE-1624-42B7-9F4F-7CE58212EE12}.Debug|Any CPU.Build.0 = Debug|Any CPU
		{19673FAE-1624-42B7-9F4F-7CE58212EE12}.Release|Any CPU.ActiveCfg = Release|Any CPU
		{19673FAE-1624-42B7-9F4F-7CE58212EE12}.Release|Any CPU.Build.0 = Release|Any CPU
		{1BBAEE34-4E74-4362-A1DC-E60EEB8AB067}.Debug|Any CPU.ActiveCfg = Debug|Any CPU
		{1BBAEE34-4E74-4362-A1DC-E60EEB8AB067}.Debug|Any CPU.Build.0 = Debug|Any CPU
		{1BBAEE34-4E74-4362-A1DC-E60EEB8AB067}.Release|Any CPU.ActiveCfg = Release|Any CPU
		{1BBAEE34-4E74-4362-A1DC-E60EEB8AB067}.Release|Any CPU.Build.0 = Release|Any CPU
		{8EE358D3-EE1E-4B7A-829F-596A46CBFDE0}.Debug|Any CPU.ActiveCfg = Debug|Any CPU
		{8EE358D3-EE1E-4B7A-829F-596A46CBFDE0}.Debug|Any CPU.Build.0 = Debug|Any CPU
		{8EE358D3-EE1E-4B7A-829F-596A46CBFDE0}.Release|Any CPU.ActiveCfg = Release|Any CPU
		{8EE358D3-EE1E-4B7A-829F-596A46CBFDE0}.Release|Any CPU.Build.0 = Release|Any CPU
		{2D769786-6E78-4AA2-8168-7ABE139118C4}.Debug|Any CPU.ActiveCfg = Debug|Any CPU
		{2D769786-6E78-4AA2-8168-7ABE139118C4}.Debug|Any CPU.Build.0 = Debug|Any CPU
		{2D769786-6E78-4AA2-8168-7ABE139118C4}.Release|Any CPU.ActiveCfg = Release|Any CPU
		{2D769786-6E78-4AA2-8168-7ABE139118C4}.Release|Any CPU.Build.0 = Release|Any CPU
	EndGlobalSection
EndGlobal
